
Microsoft Visual Studio Solution File, Format Version 12.00
# Visual Studio Version 17
VisualStudioVersion = 17.8.34525.116
MinimumVisualStudioVersion = 10.0.40219.1
Project("{9A19103F-16F7-4668-BE54-9A1E7A4F7556}") = "Com.Padroes.De.Projeto.Strategy", "Src\Com.Padroes.De.Projeto.Strategy\Com.Padroes.De.Projeto.Strategy.csproj", "{C867A4B0-FAEE-4942-8325-590A7F0EEA7C}"
EndProject
Project("{9A19103F-16F7-4668-BE54-9A1E7A4F7556}") = "Com.Padroes.De.Projeto.Template Method", "Src\Com.Padroes.De.Projeto.Template Method\Com.Padroes.De.Projeto.Template Method.csproj", "{6C3E0F84-74F1-4654-9844-9339B7C26B5C}"
EndProject
Project("{9A19103F-16F7-4668-BE54-9A1E7A4F7556}") = "Com.Padroes.De.Projeto.Observer", "Src\Com.Padroes.De.Projeto.Observer\Com.Padroes.De.Projeto.Observer.csproj", "{0F60C515-E8DD-4636-8469-6DE6CE3C1C79}"
EndProject
Project("{9A19103F-16F7-4668-BE54-9A1E7A4F7556}") = "State", "Src\State\State.csproj", "{0F7D099D-8FD3-4CB2-9192-3B774BE5FE68}"
EndProject
Project("{FAE04EC0-301F-11D3-BF4B-00C04F79EFBC}") = "Adapter", "Src\Adapter\Adapter.csproj", "{2102B4A7-9BF9-496C-AC64-764CC80B919D}"
EndProject
Global
	GlobalSection(SolutionConfigurationPlatforms) = preSolution
		Debug|Any CPU = Debug|Any CPU
		Release|Any CPU = Release|Any CPU
	EndGlobalSection
	GlobalSection(ProjectConfigurationPlatforms) = postSolution
		{C867A4B0-FAEE-4942-8325-590A7F0EEA7C}.Debug|Any CPU.ActiveCfg = Debug|Any CPU
		{C867A4B0-FAEE-4942-8325-590A7F0EEA7C}.Debug|Any CPU.Build.0 = Debug|Any CPU
		{C867A4B0-FAEE-4942-8325-590A7F0EEA7C}.Release|Any CPU.ActiveCfg = Release|Any CPU
		{C867A4B0-FAEE-4942-8325-590A7F0EEA7C}.Release|Any CPU.Build.0 = Release|Any CPU
		{6C3E0F84-74F1-4654-9844-9339B7C26B5C}.Debug|Any CPU.ActiveCfg = Debug|Any CPU
		{6C3E0F84-74F1-4654-9844-9339B7C26B5C}.Debug|Any CPU.Build.0 = Debug|Any CPU
		{6C3E0F84-74F1-4654-9844-9339B7C26B5C}.Release|Any CPU.ActiveCfg = Release|Any CPU
		{6C3E0F84-74F1-4654-9844-9339B7C26B5C}.Release|Any CPU.Build.0 = Release|Any CPU
		{0F60C515-E8DD-4636-8469-6DE6CE3C1C79}.Debug|Any CPU.ActiveCfg = Debug|Any CPU
		{0F60C515-E8DD-4636-8469-6DE6CE3C1C79}.Debug|Any CPU.Build.0 = Debug|Any CPU
		{0F60C515-E8DD-4636-8469-6DE6CE3C1C79}.Release|Any CPU.ActiveCfg = Release|Any CPU
		{0F60C515-E8DD-4636-8469-6DE6CE3C1C79}.Release|Any CPU.Build.0 = Release|Any CPU
		{0F7D099D-8FD3-4CB2-9192-3B774BE5FE68}.Debug|Any CPU.ActiveCfg = Debug|Any CPU
		{0F7D099D-8FD3-4CB2-9192-3B774BE5FE68}.Debug|Any CPU.Build.0 = Debug|Any CPU
		{0F7D099D-8FD3-4CB2-9192-3B774BE5FE68}.Release|Any CPU.ActiveCfg = Release|Any CPU
		{0F7D099D-8FD3-4CB2-9192-3B774BE5FE68}.Release|Any CPU.Build.0 = Release|Any CPU
		{2102B4A7-9BF9-496C-AC64-764CC80B919D}.Debug|Any CPU.ActiveCfg = Debug|Any CPU
		{2102B4A7-9BF9-496C-AC64-764CC80B919D}.Debug|Any CPU.Build.0 = Debug|Any CPU
		{2102B4A7-9BF9-496C-AC64-764CC80B919D}.Release|Any CPU.ActiveCfg = Release|Any CPU
		{2102B4A7-9BF9-496C-AC64-764CC80B919D}.Release|Any CPU.Build.0 = Release|Any CPU
	EndGlobalSection
	GlobalSection(SolutionProperties) = preSolution
		HideSolutionNode = FALSE
	EndGlobalSection
	GlobalSection(ExtensibilityGlobals) = postSolution
		SolutionGuid = {D13C9163-3611-435A-84BE-CD4A0A671F6C}
	EndGlobalSection
EndGlobal
